
Microsoft Visual Studio Solution File, Format Version 12.00
# Visual Studio Version 17
VisualStudioVersion = 17.14.36221.1
MinimumVisualStudioVersion = 10.0.40219.1
Project("{FAE04EC0-301F-11D3-BF4B-00C04F79EFBC}") = "AccountManagemetSystem", "AccountManagemetSystem\AccountManagemetSystem.csproj", "{C4B9A483-1378-4604-9BA8-D7BE19391CBB}"
EndProject
Global
	GlobalSection(SolutionConfigurationPlatforms) = preSolution
		Debug|Any CPU = Debug|Any CPU
		Release|Any CPU = Release|Any CPU
	EndGlobalSection
	GlobalSection(ProjectConfigurationPlatforms) = postSolution
		{C4B9A483-1378-4604-9BA8-D7BE19391CBB}.Debug|Any CPU.ActiveCfg = Debug|Any CPU
		{C4B9A483-1378-4604-9BA8-D7BE19391CBB}.Debug|Any CPU.Build.0 = Debug|Any CPU
		{C4B9A483-1378-4604-9BA8-D7BE19391CBB}.Release|Any CPU.ActiveCfg = Release|Any CPU
		{C4B9A483-1378-4604-9BA8-D7BE19391CBB}.Release|Any CPU.Build.0 = Release|Any CPU
	EndGlobalSection
	GlobalSection(SolutionProperties) = preSolution
		HideSolutionNode = FALSE
	EndGlobalSection
	GlobalSection(ExtensibilityGlobals) = postSolution
		SolutionGuid = {628886AB-955B-434C-B905-4D0FC7AD7A71}
	EndGlobalSection
EndGlobal
